
Microsoft Visual Studio Solution File, Format Version 12.00
# Visual Studio 15
VisualStudioVersion = 15.0.27703.2047
MinimumVisualStudioVersion = 10.0.40219.1
Project("{FAE04EC0-301F-11D3-BF4B-00C04F79EFBC}") = "MyServer", "MyServer.csproj", "{45E9871F-A7B4-4632-9C74-1C2D2A131683}"
EndProject
Global
	GlobalSection(SolutionConfigurationPlatforms) = preSolution
		Debug|Any CPU = Debug|Any CPU
		Release|Any CPU = Release|Any CPU
	EndGlobalSection
	GlobalSection(ProjectConfigurationPlatforms) = postSolution
		{45E9871F-A7B4-4632-9C74-1C2D2A131683}.Debug|Any CPU.ActiveCfg = Debug|Any CPU
		{45E9871F-A7B4-4632-9C74-1C2D2A131683}.Debug|Any CPU.Build.0 = Debug|Any CPU
		{45E9871F-A7B4-4632-9C74-1C2D2A131683}.Release|Any CPU.ActiveCfg = Release|Any CPU
		{45E9871F-A7B4-4632-9C74-1C2D2A131683}.Release|Any CPU.Build.0 = Release|Any CPU
	EndGlobalSection
	GlobalSection(SolutionProperties) = preSolution
		HideSolutionNode = FALSE
	EndGlobalSection
	GlobalSection(ExtensibilityGlobals) = postSolution
		SolutionGuid = {C2143B3B-1152-4C9F-A618-84C3962F8D8F}
	EndGlobalSection
EndGlobal
